
Microsoft Visual Studio Solution File, Format Version 12.00
# Visual Studio 15
VisualStudioVersion = 15.0.28010.2046
MinimumVisualStudioVersion = 10.0.40219.1
Project("{FAE04EC0-301F-11D3-BF4B-00C04F79EFBC}") = "LinkarDemoApp.Android", "LinkarDemoApp\LinkarDemoApp.Android\LinkarDemoApp.Android.csproj", "{24CE3C36-16B9-426D-AA0C-5961ECF8D88C}"
EndProject
Project("{FAE04EC0-301F-11D3-BF4B-00C04F79EFBC}") = "LinkarDemoApp.iOS", "LinkarDemoApp\LinkarDemoApp.iOS\LinkarDemoApp.iOS.csproj", "{67991F95-0464-4536-83C2-98F3493A3EA8}"
EndProject
Project("{D954291E-2A0B-460D-934E-DC6B0785DB48}") = "LinkarDemoApp", "LinkarDemoApp\LinkarDemoApp\LinkarDemoApp.shproj", "{9C0FD5E9-2DD1-4D97-B13B-DDC5C4C30BE7}"
EndProject
Global
	GlobalSection(SharedMSBuildProjectFiles) = preSolution
		LinkarDemoApp\LinkarDemoApp\LinkarDemoApp.projitems*{24ce3c36-16b9-426d-aa0c-5961ecf8d88c}*SharedItemsImports = 4
		LinkarDemoApp\LinkarDemoApp\LinkarDemoApp.projitems*{67991f95-0464-4536-83c2-98f3493a3ea8}*SharedItemsImports = 4
		LinkarDemoApp\LinkarDemoApp\LinkarDemoApp.projitems*{9c0fd5e9-2dd1-4d97-b13b-ddc5c4c30be7}*SharedItemsImports = 13
	EndGlobalSection
	GlobalSection(SolutionConfigurationPlatforms) = preSolution
		Debug|Any CPU = Debug|Any CPU
		Debug|iPhone = Debug|iPhone
		Debug|iPhoneSimulator = Debug|iPhoneSimulator
		Release|Any CPU = Release|Any CPU
		Release|iPhone = Release|iPhone
		Release|iPhoneSimulator = Release|iPhoneSimulator
	EndGlobalSection
	GlobalSection(ProjectConfigurationPlatforms) = postSolution
		{24CE3C36-16B9-426D-AA0C-5961ECF8D88C}.Debug|Any CPU.ActiveCfg = Debug|Any CPU
		{24CE3C36-16B9-426D-AA0C-5961ECF8D88C}.Debug|Any CPU.Build.0 = Debug|Any CPU
		{24CE3C36-16B9-426D-AA0C-5961ECF8D88C}.Debug|Any CPU.Deploy.0 = Debug|Any CPU
		{24CE3C36-16B9-426D-AA0C-5961ECF8D88C}.Debug|iPhone.ActiveCfg = Debug|Any CPU
		{24CE3C36-16B9-426D-AA0C-5961ECF8D88C}.Debug|iPhone.Build.0 = Debug|Any CPU
		{24CE3C36-16B9-426D-AA0C-5961ECF8D88C}.Debug|iPhone.Deploy.0 = Debug|Any CPU
		{24CE3C36-16B9-426D-AA0C-5961ECF8D88C}.Debug|iPhoneSimulator.ActiveCfg = Debug|Any CPU
		{24CE3C36-16B9-426D-AA0C-5961ECF8D88C}.Debug|iPhoneSimulator.Build.0 = Debug|Any CPU
		{24CE3C36-16B9-426D-AA0C-5961ECF8D88C}.Debug|iPhoneSimulator.Deploy.0 = Debug|Any CPU
		{24CE3C36-16B9-426D-AA0C-5961ECF8D88C}.Release|Any CPU.ActiveCfg = Release|Any CPU
		{24CE3C36-16B9-426D-AA0C-5961ECF8D88C}.Release|Any CPU.Build.0 = Release|Any CPU
		{24CE3C36-16B9-426D-AA0C-5961ECF8D88C}.Release|Any CPU.Deploy.0 = Release|Any CPU
		{24CE3C36-16B9-426D-AA0C-5961ECF8D88C}.Release|iPhone.ActiveCfg = Release|Any CPU
		{24CE3C36-16B9-426D-AA0C-5961ECF8D88C}.Release|iPhone.Build.0 = Release|Any CPU
		{24CE3C36-16B9-426D-AA0C-5961ECF8D88C}.Release|iPhone.Deploy.0 = Release|Any CPU
		{24CE3C36-16B9-426D-AA0C-5961ECF8D88C}.Release|iPhoneSimulator.ActiveCfg = Release|Any CPU
		{24CE3C36-16B9-426D-AA0C-5961ECF8D88C}.Release|iPhoneSimulator.Build.0 = Release|Any CPU
		{24CE3C36-16B9-426D-AA0C-5961ECF8D88C}.Release|iPhoneSimulator.Deploy.0 = Release|Any CPU
		{67991F95-0464-4536-83C2-98F3493A3EA8}.Debug|Any CPU.ActiveCfg = Debug|iPhoneSimulator
		{67991F95-0464-4536-83C2-98F3493A3EA8}.Debug|Any CPU.Build.0 = Debug|iPhoneSimulator
		{67991F95-0464-4536-83C2-98F3493A3EA8}.Debug|Any CPU.Deploy.0 = Debug|iPhoneSimulator
		{67991F95-0464-4536-83C2-98F3493A3EA8}.Debug|iPhone.ActiveCfg = Debug|iPhone
		{67991F95-0464-4536-83C2-98F3493A3EA8}.Debug|iPhone.Build.0 = Debug|iPhone
		{67991F95-0464-4536-83C2-98F3493A3EA8}.Debug|iPhone.Deploy.0 = Debug|iPhone
		{67991F95-0464-4536-83C2-98F3493A3EA8}.Debug|iPhoneSimulator.ActiveCfg = Debug|iPhoneSimulator
		{67991F95-0464-4536-83C2-98F3493A3EA8}.Debug|iPhoneSimulator.Build.0 = Debug|iPhoneSimulator
		{67991F95-0464-4536-83C2-98F3493A3EA8}.Debug|iPhoneSimulator.Deploy.0 = Debug|iPhoneSimulator
		{67991F95-0464-4536-83C2-98F3493A3EA8}.Release|Any CPU.ActiveCfg = Release|iPhone
		{67991F95-0464-4536-83C2-98F3493A3EA8}.Release|Any CPU.Build.0 = Release|iPhone
		{67991F95-0464-4536-83C2-98F3493A3EA8}.Release|Any CPU.Deploy.0 = Release|iPhone
		{67991F95-0464-4536-83C2-98F3493A3EA8}.Release|iPhone.ActiveCfg = Release|iPhone
		{67991F95-0464-4536-83C2-98F3493A3EA8}.Release|iPhone.Build.0 = Release|iPhone
		{67991F95-0464-4536-83C2-98F3493A3EA8}.Release|iPhone.Deploy.0 = Release|iPhone
		{67991F95-0464-4536-83C2-98F3493A3EA8}.Release|iPhoneSimulator.ActiveCfg = Release|iPhoneSimulator
		{67991F95-0464-4536-83C2-98F3493A3EA8}.Release|iPhoneSimulator.Build.0 = Release|iPhoneSimulator
		{67991F95-0464-4536-83C2-98F3493A3EA8}.Release|iPhoneSimulator.Deploy.0 = Release|iPhoneSimulator
	EndGlobalSection
	GlobalSection(SolutionProperties) = preSolution
		HideSolutionNode = FALSE
	EndGlobalSection
	GlobalSection(ExtensibilityGlobals) = postSolution
		SolutionGuid = {B965E2DD-65E8-41B2-B53C-ADF66A4A03F5}
	EndGlobalSection
EndGlobal
